
Microsoft Visual Studio Solution File, Format Version 12.00
# Visual Studio 15
VisualStudioVersion = 15.0.28307.271
MinimumVisualStudioVersion = 10.0.40219.1
Project("{9A19103F-16F7-4668-BE54-9A1E7A4F7556}") = "cart.api", "cart.api.csproj", "{FB5FEE6D-6733-4618-8EDF-4BB6207ADCA7}"
EndProject
Project("{FAE04EC0-301F-11D3-BF4B-00C04F79EFBC}") = "cart.test", "..\cart.test\cart.test.csproj", "{841C59BB-1DD5-43E1-B0E2-B62AC081F284}"
EndProject
Global
	GlobalSection(SolutionConfigurationPlatforms) = preSolution
		Debug|Any CPU = Debug|Any CPU
		Release|Any CPU = Release|Any CPU
	EndGlobalSection
	GlobalSection(ProjectConfigurationPlatforms) = postSolution
		{FB5FEE6D-6733-4618-8EDF-4BB6207ADCA7}.Debug|Any CPU.ActiveCfg = Debug|Any CPU
		{FB5FEE6D-6733-4618-8EDF-4BB6207ADCA7}.Debug|Any CPU.Build.0 = Debug|Any CPU
		{FB5FEE6D-6733-4618-8EDF-4BB6207ADCA7}.Release|Any CPU.ActiveCfg = Release|Any CPU
		{FB5FEE6D-6733-4618-8EDF-4BB6207ADCA7}.Release|Any CPU.Build.0 = Release|Any CPU
		{841C59BB-1DD5-43E1-B0E2-B62AC081F284}.Debug|Any CPU.ActiveCfg = Debug|Any CPU
		{841C59BB-1DD5-43E1-B0E2-B62AC081F284}.Debug|Any CPU.Build.0 = Debug|Any CPU
		{841C59BB-1DD5-43E1-B0E2-B62AC081F284}.Release|Any CPU.ActiveCfg = Release|Any CPU
		{841C59BB-1DD5-43E1-B0E2-B62AC081F284}.Release|Any CPU.Build.0 = Release|Any CPU
	EndGlobalSection
	GlobalSection(SolutionProperties) = preSolution
		HideSolutionNode = FALSE
	EndGlobalSection
	GlobalSection(ExtensibilityGlobals) = postSolution
		SolutionGuid = {6CD48408-5478-429E-B5E3-6983185ABE36}
	EndGlobalSection
EndGlobal
